
Microsoft Visual Studio Solution File, Format Version 12.00
# Visual Studio Version 16
VisualStudioVersion = 16.0.30717.126
MinimumVisualStudioVersion = 10.0.40219.1
Project("{9A19103F-16F7-4668-BE54-9A1E7A4F7556}") = "HelloWorld", "HelloWorld\HelloWorld.csproj", "{C8074FBC-7C1B-4E66-82FD-F96B15FA1AD5}"
EndProject
Project("{9A19103F-16F7-4668-BE54-9A1E7A4F7556}") = "Case03_PrintHelloWorld", "Hello World!\Case03_PrintHelloWorld.csproj", "{E19E7F54-C799-4893-89D3-A48E03074BEB}"
EndProject
Project("{9A19103F-16F7-4668-BE54-9A1E7A4F7556}") = "Case04_ConvertUpperString", "Case04_ConvertUpperString\Case04_ConvertUpperString.csproj", "{3C445747-697C-4E51-9FFB-63B127FDBABA}"
EndProject
Project("{FAE04EC0-301F-11D3-BF4B-00C04F79EFBC}") = "Case05_DebugClearText", "Case05_DebugClearText\Case05_DebugClearText.csproj", "{833701F7-0860-4F83-B2AE-7B872DC3C2DE}"
EndProject
Global
	GlobalSection(SolutionConfigurationPlatforms) = preSolution
		Debug|Any CPU = Debug|Any CPU
		Release|Any CPU = Release|Any CPU
	EndGlobalSection
	GlobalSection(ProjectConfigurationPlatforms) = postSolution
		{C8074FBC-7C1B-4E66-82FD-F96B15FA1AD5}.Debug|Any CPU.ActiveCfg = Debug|Any CPU
		{C8074FBC-7C1B-4E66-82FD-F96B15FA1AD5}.Debug|Any CPU.Build.0 = Debug|Any CPU
		{C8074FBC-7C1B-4E66-82FD-F96B15FA1AD5}.Release|Any CPU.ActiveCfg = Release|Any CPU
		{C8074FBC-7C1B-4E66-82FD-F96B15FA1AD5}.Release|Any CPU.Build.0 = Release|Any CPU
		{E19E7F54-C799-4893-89D3-A48E03074BEB}.Debug|Any CPU.ActiveCfg = Debug|Any CPU
		{E19E7F54-C799-4893-89D3-A48E03074BEB}.Debug|Any CPU.Build.0 = Debug|Any CPU
		{E19E7F54-C799-4893-89D3-A48E03074BEB}.Release|Any CPU.ActiveCfg = Release|Any CPU
		{E19E7F54-C799-4893-89D3-A48E03074BEB}.Release|Any CPU.Build.0 = Release|Any CPU
		{3C445747-697C-4E51-9FFB-63B127FDBABA}.Debug|Any CPU.ActiveCfg = Debug|Any CPU
		{3C445747-697C-4E51-9FFB-63B127FDBABA}.Debug|Any CPU.Build.0 = Debug|Any CPU
		{3C445747-697C-4E51-9FFB-63B127FDBABA}.Release|Any CPU.ActiveCfg = Release|Any CPU
		{3C445747-697C-4E51-9FFB-63B127FDBABA}.Release|Any CPU.Build.0 = Release|Any CPU
		{833701F7-0860-4F83-B2AE-7B872DC3C2DE}.Debug|Any CPU.ActiveCfg = Debug|Any CPU
		{833701F7-0860-4F83-B2AE-7B872DC3C2DE}.Debug|Any CPU.Build.0 = Debug|Any CPU
		{833701F7-0860-4F83-B2AE-7B872DC3C2DE}.Release|Any CPU.ActiveCfg = Release|Any CPU
		{833701F7-0860-4F83-B2AE-7B872DC3C2DE}.Release|Any CPU.Build.0 = Release|Any CPU
	EndGlobalSection
	GlobalSection(SolutionProperties) = preSolution
		HideSolutionNode = FALSE
	EndGlobalSection
	GlobalSection(ExtensibilityGlobals) = postSolution
		SolutionGuid = {D2526074-9F58-4492-A88D-CED7AA08BCB1}
	EndGlobalSection
EndGlobal
